
Microsoft Visual Studio Solution File, Format Version 12.00
# Visual Studio Version 16
VisualStudioVersion = 16.0.31402.337
MinimumVisualStudioVersion = 10.0.40219.1
Project("{9A19103F-16F7-4668-BE54-9A1E7A4F7556}") = "Blog.Server", "Blog\Server\Blog.Server.csproj", "{DB5FD71B-D369-408A-A544-25D7F86380F5}"
EndProject
Project("{9A19103F-16F7-4668-BE54-9A1E7A4F7556}") = "Blog.Client", "Blog\Client\Blog.Client.csproj", "{839F24A3-8AC8-4199-BA17-F55ABD8EFFA1}"
EndProject
Project("{9A19103F-16F7-4668-BE54-9A1E7A4F7556}") = "Blog.Shared", "Blog\Shared\Blog.Shared.csproj", "{F6819AE8-997D-4E63-9637-E2396294376B}"
EndProject
Global
	GlobalSection(SolutionConfigurationPlatforms) = preSolution
		Debug|Any CPU = Debug|Any CPU
		Release|Any CPU = Release|Any CPU
	EndGlobalSection
	GlobalSection(ProjectConfigurationPlatforms) = postSolution
		{DB5FD71B-D369-408A-A544-25D7F86380F5}.Debug|Any CPU.ActiveCfg = Debug|Any CPU
		{DB5FD71B-D369-408A-A544-25D7F86380F5}.Debug|Any CPU.Build.0 = Debug|Any CPU
		{DB5FD71B-D369-408A-A544-25D7F86380F5}.Release|Any CPU.ActiveCfg = Release|Any CPU
		{DB5FD71B-D369-408A-A544-25D7F86380F5}.Release|Any CPU.Build.0 = Release|Any CPU
		{839F24A3-8AC8-4199-BA17-F55ABD8EFFA1}.Debug|Any CPU.ActiveCfg = Debug|Any CPU
		{839F24A3-8AC8-4199-BA17-F55ABD8EFFA1}.Debug|Any CPU.Build.0 = Debug|Any CPU
		{839F24A3-8AC8-4199-BA17-F55ABD8EFFA1}.Release|Any CPU.ActiveCfg = Release|Any CPU
		{839F24A3-8AC8-4199-BA17-F55ABD8EFFA1}.Release|Any CPU.Build.0 = Release|Any CPU
		{F6819AE8-997D-4E63-9637-E2396294376B}.Debug|Any CPU.ActiveCfg = Debug|Any CPU
		{F6819AE8-997D-4E63-9637-E2396294376B}.Debug|Any CPU.Build.0 = Debug|Any CPU
		{F6819AE8-997D-4E63-9637-E2396294376B}.Release|Any CPU.ActiveCfg = Release|Any CPU
		{F6819AE8-997D-4E63-9637-E2396294376B}.Release|Any CPU.Build.0 = Release|Any CPU
	EndGlobalSection
	GlobalSection(SolutionProperties) = preSolution
		HideSolutionNode = FALSE
	EndGlobalSection
	GlobalSection(ExtensibilityGlobals) = postSolution
		SolutionGuid = {E345B7ED-1AFC-4240-9EFE-6FC0FC3B2574}
	EndGlobalSection
EndGlobal
